// !$*UTF8*$!
{
	archiveVersion = 1;
	classes = {
	};
	objectVersion = 50;
	objects = {

/* Begin PBXBuildFile section */
		67667BCF22CCD7E8002B1F0A /* TopicViewController.swift in Sources */ = {isa = PBXBuildFile; fileRef = 67667BCE22CCD7E8002B1F0A /* TopicViewController.swift */; };
		67667BD122CCD830002B1F0A /* TopicViewCell.swift in Sources */ = {isa = PBXBuildFile; fileRef = 67667BD022CCD830002B1F0A /* TopicViewCell.swift */; };
		67667BD322CCD8E7002B1F0A /* PostViewCell.swift in Sources */ = {isa = PBXBuildFile; fileRef = 67667BD222CCD8E7002B1F0A /* PostViewCell.swift */; };
		67667BD522CCD8FB002B1F0A /* PostTableViewController.swift in Sources */ = {isa = PBXBuildFile; fileRef = 67667BD422CCD8FB002B1F0A /* PostTableViewController.swift */; };
		67667BD722CCEB82002B1F0A /* Post.swift in Sources */ = {isa = PBXBuildFile; fileRef = 67667BD622CCEB82002B1F0A /* Post.swift */; };
		67667BDA22CCEC36002B1F0A /* EnumVote.swift in Sources */ = {isa = PBXBuildFile; fileRef = 67667BD922CCEC36002B1F0A /* EnumVote.swift */; };
		67DF0CCD22CB497400F55296 /* AppDelegate.swift in Sources */ = {isa = PBXBuildFile; fileRef = 67DF0CCC22CB497400F55296 /* AppDelegate.swift */; };
		67DF0CCF22CB497400F55296 /* LoginViewController.swift in Sources */ = {isa = PBXBuildFile; fileRef = 67DF0CCE22CB497400F55296 /* LoginViewController.swift */; };
		67DF0CD222CB497400F55296 /* Main.storyboard in Resources */ = {isa = PBXBuildFile; fileRef = 67DF0CD022CB497400F55296 /* Main.storyboard */; };
		67DF0CD422CB497500F55296 /* Assets.xcassets in Resources */ = {isa = PBXBuildFile; fileRef = 67DF0CD322CB497500F55296 /* Assets.xcassets */; };
		67DF0CD722CB497500F55296 /* LaunchScreen.storyboard in Resources */ = {isa = PBXBuildFile; fileRef = 67DF0CD522CB497500F55296 /* LaunchScreen.storyboard */; };
		67DF0CE222CB497500F55296 /* Sample_AppTests.swift in Sources */ = {isa = PBXBuildFile; fileRef = 67DF0CE122CB497500F55296 /* Sample_AppTests.swift */; };
		67DF0CED22CB497500F55296 /* Sample_AppUITests.swift in Sources */ = {isa = PBXBuildFile; fileRef = 67DF0CEC22CB497500F55296 /* Sample_AppUITests.swift */; };
		67DF0CFC22CB4AC700F55296 /* UIKit.framework in Frameworks */ = {isa = PBXBuildFile; fileRef = 67DF0CFB22CB4AC700F55296 /* UIKit.framework */; };
		67DF0CFF22CB4AF400F55296 /* HealthKit.framework in Frameworks */ = {isa = PBXBuildFile; fileRef = 67DF0CFE22CB4AF400F55296 /* HealthKit.framework */; };
/* End PBXBuildFile section */

/* Begin PBXContainerItemProxy section */
		67DF0CDE22CB497500F55296 /* PBXContainerItemProxy */ = {
			isa = PBXContainerItemProxy;
			containerPortal = 67DF0CC122CB497400F55296 /* Project object */;
			proxyType = 1;
			remoteGlobalIDString = 67DF0CC822CB497400F55296;
			remoteInfo = "Sample App";
		};
		67DF0CE922CB497500F55296 /* PBXContainerItemProxy */ = {
			isa = PBXContainerItemProxy;
			containerPortal = 67DF0CC122CB497400F55296 /* Project object */;
			proxyType = 1;
			remoteGlobalIDString = 67DF0CC822CB497400F55296;
			remoteInfo = "Sample App";
		};
/* End PBXContainerItemProxy section */

/* Begin PBXFileReference section */
		67667BCE22CCD7E8002B1F0A /* TopicViewController.swift */ = {isa = PBXFileReference; lastKnownFileType = sourcecode.swift; path = TopicViewController.swift; sourceTree = "<group>"; };
		67667BD022CCD830002B1F0A /* TopicViewCell.swift */ = {isa = PBXFileReference; lastKnownFileType = sourcecode.swift; path = TopicViewCell.swift; sourceTree = "<group>"; };
		67667BD222CCD8E7002B1F0A /* PostViewCell.swift */ = {isa = PBXFileReference; lastKnownFileType = sourcecode.swift; path = PostViewCell.swift; sourceTree = "<group>"; };
		67667BD422CCD8FB002B1F0A /* PostTableViewController.swift */ = {isa = PBXFileReference; lastKnownFileType = sourcecode.swift; path = PostTableViewController.swift; sourceTree = "<group>"; };
		67667BD622CCEB82002B1F0A /* Post.swift */ = {isa = PBXFileReference; lastKnownFileType = sourcecode.swift; path = Post.swift; sourceTree = "<group>"; };
		67667BD922CCEC36002B1F0A /* EnumVote.swift */ = {isa = PBXFileReference; lastKnownFileType = sourcecode.swift; path = EnumVote.swift; sourceTree = "<group>"; };
		67DF0CC922CB497400F55296 /* Sample App.app */ = {isa = PBXFileReference; explicitFileType = wrapper.application; includeInIndex = 0; path = "Sample App.app"; sourceTree = BUILT_PRODUCTS_DIR; };
		67DF0CCC22CB497400F55296 /* AppDelegate.swift */ = {isa = PBXFileReference; lastKnownFileType = sourcecode.swift; path = AppDelegate.swift; sourceTree = "<group>"; };
		67DF0CCE22CB497400F55296 /* LoginViewController.swift */ = {isa = PBXFileReference; lastKnownFileType = sourcecode.swift; path = LoginViewController.swift; sourceTree = "<group>"; };
		67DF0CD122CB497400F55296 /* Base */ = {isa = PBXFileReference; lastKnownFileType = file.storyboard; name = Base; path = Base.lproj/Main.storyboard; sourceTree = "<group>"; };
		67DF0CD322CB497500F55296 /* Assets.xcassets */ = {isa = PBXFileReference; lastKnownFileType = folder.assetcatalog; path = Assets.xcassets; sourceTree = "<group>"; };
		67DF0CD622CB497500F55296 /* Base */ = {isa = PBXFileReference; lastKnownFileType = file.storyboard; name = Base; path = Base.lproj/LaunchScreen.storyboard; sourceTree = "<group>"; };
		67DF0CD822CB497500F55296 /* Info.plist */ = {isa = PBXFileReference; lastKnownFileType = text.plist.xml; path = Info.plist; sourceTree = "<group>"; };
		67DF0CDD22CB497500F55296 /* Sample AppTests.xctest */ = {isa = PBXFileReference; explicitFileType = wrapper.cfbundle; includeInIndex = 0; path = "Sample AppTests.xctest"; sourceTree = BUILT_PRODUCTS_DIR; };
		67DF0CE122CB497500F55296 /* Sample_AppTests.swift */ = {isa = PBXFileReference; lastKnownFileType = sourcecode.swift; path = Sample_AppTests.swift; sourceTree = "<group>"; };
		67DF0CE322CB497500F55296 /* Info.plist */ = {isa = PBXFileReference; lastKnownFileType = text.plist.xml; path = Info.plist; sourceTree = "<group>"; };
		67DF0CE822CB497500F55296 /* Sample AppUITests.xctest */ = {isa = PBXFileReference; explicitFileType = wrapper.cfbundle; includeInIndex = 0; path = "Sample AppUITests.xctest"; sourceTree = BUILT_PRODUCTS_DIR; };
		67DF0CEC22CB497500F55296 /* Sample_AppUITests.swift */ = {isa = PBXFileReference; lastKnownFileType = sourcecode.swift; path = Sample_AppUITests.swift; sourceTree = "<group>"; };
		67DF0CEE22CB497500F55296 /* Info.plist */ = {isa = PBXFileReference; lastKnownFileType = text.plist.xml; path = Info.plist; sourceTree = "<group>"; };
		67DF0CFB22CB4AC700F55296 /* UIKit.framework */ = {isa = PBXFileReference; lastKnownFileType = wrapper.framework; name = UIKit.framework; path = System/Library/Frameworks/UIKit.framework; sourceTree = SDKROOT; };
		67DF0CFD22CB4AF400F55296 /* Sample App.entitlements */ = {isa = PBXFileReference; lastKnownFileType = text.plist.entitlements; path = "Sample App.entitlements"; sourceTree = "<group>"; };
		67DF0CFE22CB4AF400F55296 /* HealthKit.framework */ = {isa = PBXFileReference; lastKnownFileType = wrapper.framework; name = HealthKit.framework; path = System/Library/Frameworks/HealthKit.framework; sourceTree = SDKROOT; };
/* End PBXFileReference section */

/* Begin PBXFrameworksBuildPhase section */
		67DF0CC622CB497400F55296 /* Frameworks */ = {
			isa = PBXFrameworksBuildPhase;
			buildActionMask = 2147483647;
			files = (
				67DF0CFC22CB4AC700F55296 /* UIKit.framework in Frameworks */,
				67DF0CFF22CB4AF400F55296 /* HealthKit.framework in Frameworks */,
			);
			runOnlyForDeploymentPostprocessing = 0;
		};
		67DF0CDA22CB497500F55296 /* Frameworks */ = {
			isa = PBXFrameworksBuildPhase;
			buildActionMask = 2147483647;
			files = (
			);
			runOnlyForDeploymentPostprocessing = 0;
		};
		67DF0CE522CB497500F55296 /* Frameworks */ = {
			isa = PBXFrameworksBuildPhase;
			buildActionMask = 2147483647;
			files = (
			);
			runOnlyForDeploymentPostprocessing = 0;
		};
/* End PBXFrameworksBuildPhase section */

/* Begin PBXGroup section */
		67667BC922CCD738002B1F0A /* Login */ = {
			isa = PBXGroup;
			children = (
			);
			path = Login;
			sourceTree = "<group>";
		};
		67667BCA22CCD73F002B1F0A /* Topics */ = {
			isa = PBXGroup;
			children = (
				67667BCE22CCD7E8002B1F0A /* TopicViewController.swift */,
				67667BD022CCD830002B1F0A /* TopicViewCell.swift */,
			);
			path = Topics;
			sourceTree = "<group>";
		};
		67667BCB22CCD74D002B1F0A /* Posts */ = {
			isa = PBXGroup;
			children = (
				67667BD222CCD8E7002B1F0A /* PostViewCell.swift */,
				67667BD422CCD8FB002B1F0A /* PostTableViewController.swift */,
				67667BD622CCEB82002B1F0A /* Post.swift */,
			);
			path = Posts;
			sourceTree = "<group>";
		};
		67667BCC22CCD774002B1F0A /* TagSelector */ = {
			isa = PBXGroup;
			children = (
			);
			path = TagSelector;
			sourceTree = "<group>";
		};
		67667BCD22CCD780002B1F0A /* PostWriter */ = {
			isa = PBXGroup;
			children = (
			);
			path = PostWriter;
			sourceTree = "<group>";
		};
		67667BD822CCEC10002B1F0A /* Misc */ = {
			isa = PBXGroup;
			children = (
				67667BD922CCEC36002B1F0A /* EnumVote.swift */,
			);
			path = Misc;
			sourceTree = "<group>";
		};
		67DF0CC022CB497400F55296 = {
			isa = PBXGroup;
			children = (
				67DF0CCB22CB497400F55296 /* Sample App */,
				67DF0CE022CB497500F55296 /* Sample AppTests */,
				67DF0CEB22CB497500F55296 /* Sample AppUITests */,
				67DF0CCA22CB497400F55296 /* Products */,
				67DF0CFA22CB4AC700F55296 /* Frameworks */,
			);
			sourceTree = "<group>";
		};
		67DF0CCA22CB497400F55296 /* Products */ = {
			isa = PBXGroup;
			children = (
				67DF0CC922CB497400F55296 /* Sample App.app */,
				67DF0CDD22CB497500F55296 /* Sample AppTests.xctest */,
				67DF0CE822CB497500F55296 /* Sample AppUITests.xctest */,
			);
			name = Products;
			sourceTree = "<group>";
		};
		67DF0CCB22CB497400F55296 /* Sample App */ = {
			isa = PBXGroup;
			children = (
				67667BD822CCEC10002B1F0A /* Misc */,
				67667BCD22CCD780002B1F0A /* PostWriter */,
				67667BCC22CCD774002B1F0A /* TagSelector */,
				67667BCB22CCD74D002B1F0A /* Posts */,
				67667BCA22CCD73F002B1F0A /* Topics */,
				67667BC922CCD738002B1F0A /* Login */,
				67DF0CFD22CB4AF400F55296 /* Sample App.entitlements */,
				67DF0CCC22CB497400F55296 /* AppDelegate.swift */,
				67DF0CCE22CB497400F55296 /* LoginViewController.swift */,
				67DF0CD022CB497400F55296 /* Main.storyboard */,
				67DF0CD322CB497500F55296 /* Assets.xcassets */,
				67DF0CD522CB497500F55296 /* LaunchScreen.storyboard */,
				67DF0CD822CB497500F55296 /* Info.plist */,
			);
			path = "Sample App";
			sourceTree = "<group>";
		};
		67DF0CE022CB497500F55296 /* Sample AppTests */ = {
			isa = PBXGroup;
			children = (
				67DF0CE122CB497500F55296 /* Sample_AppTests.swift */,
				67DF0CE322CB497500F55296 /* Info.plist */,
			);
			path = "Sample AppTests";
			sourceTree = "<group>";
		};
		67DF0CEB22CB497500F55296 /* Sample AppUITests */ = {
			isa = PBXGroup;
			children = (
				67DF0CEC22CB497500F55296 /* Sample_AppUITests.swift */,
				67DF0CEE22CB497500F55296 /* Info.plist */,
			);
			path = "Sample AppUITests";
			sourceTree = "<group>";
		};
		67DF0CFA22CB4AC700F55296 /* Frameworks */ = {
			isa = PBXGroup;
			children = (
				67DF0CFE22CB4AF400F55296 /* HealthKit.framework */,
				67DF0CFB22CB4AC700F55296 /* UIKit.framework */,
			);
			name = Frameworks;
			sourceTree = "<group>";
		};
/* End PBXGroup section */

/* Begin PBXNativeTarget section */
		67DF0CC822CB497400F55296 /* Sample App */ = {
			isa = PBXNativeTarget;
			buildConfigurationList = 67DF0CF122CB497500F55296 /* Build configuration list for PBXNativeTarget "Sample App" */;
			buildPhases = (
				67DF0CC522CB497400F55296 /* Sources */,
				67DF0CC622CB497400F55296 /* Frameworks */,
				67DF0CC722CB497400F55296 /* Resources */,
			);
			buildRules = (
			);
			dependencies = (
			);
			name = "Sample App";
			productName = "Sample App";
			productReference = 67DF0CC922CB497400F55296 /* Sample App.app */;
			productType = "com.apple.product-type.application";
		};
		67DF0CDC22CB497500F55296 /* Sample AppTests */ = {
			isa = PBXNativeTarget;
			buildConfigurationList = 67DF0CF422CB497500F55296 /* Build configuration list for PBXNativeTarget "Sample AppTests" */;
			buildPhases = (
				67DF0CD922CB497500F55296 /* Sources */,
				67DF0CDA22CB497500F55296 /* Frameworks */,
				67DF0CDB22CB497500F55296 /* Resources */,
			);
			buildRules = (
			);
			dependencies = (
				67DF0CDF22CB497500F55296 /* PBXTargetDependency */,
			);
			name = "Sample AppTests";
			productName = "Sample AppTests";
			productReference = 67DF0CDD22CB497500F55296 /* Sample AppTests.xctest */;
			productType = "com.apple.product-type.bundle.unit-test";
		};
		67DF0CE722CB497500F55296 /* Sample AppUITests */ = {
			isa = PBXNativeTarget;
			buildConfigurationList = 67DF0CF722CB497500F55296 /* Build configuration list for PBXNativeTarget "Sample AppUITests" */;
			buildPhases = (
				67DF0CE422CB497500F55296 /* Sources */,
				67DF0CE522CB497500F55296 /* Frameworks */,
				67DF0CE622CB497500F55296 /* Resources */,
			);
			buildRules = (
			);
			dependencies = (
				67DF0CEA22CB497500F55296 /* PBXTargetDependency */,
			);
			name = "Sample AppUITests";
			productName = "Sample AppUITests";
			productReference = 67DF0CE822CB497500F55296 /* Sample AppUITests.xctest */;
			productType = "com.apple.product-type.bundle.ui-testing";
		};
/* End PBXNativeTarget section */

/* Begin PBXProject section */
		67DF0CC122CB497400F55296 /* Project object */ = {
			isa = PBXProject;
			attributes = {
				LastSwiftUpdateCheck = 1020;
				LastUpgradeCheck = 1020;
				ORGANIZATIONNAME = "Michele Gargiulo";
				TargetAttributes = {
					67DF0CC822CB497400F55296 = {
						CreatedOnToolsVersion = 10.2.1;
						SystemCapabilities = {
							com.apple.HealthKit = {
								enabled = 1;
							};
						};
					};
					67DF0CDC22CB497500F55296 = {
						CreatedOnToolsVersion = 10.2.1;
						TestTargetID = 67DF0CC822CB497400F55296;
					};
					67DF0CE722CB497500F55296 = {
						CreatedOnToolsVersion = 10.2.1;
						TestTargetID = 67DF0CC822CB497400F55296;
					};
				};
			};
			buildConfigurationList = 67DF0CC422CB497400F55296 /* Build configuration list for PBXProject "Sample App" */;
			compatibilityVersion = "Xcode 9.3";
			developmentRegion = en;
			hasScannedForEncodings = 0;
			knownRegions = (
				en,
				Base,
			);
			mainGroup = 67DF0CC022CB497400F55296;
			productRefGroup = 67DF0CCA22CB497400F55296 /* Products */;
			projectDirPath = "";
			projectRoot = "";
			targets = (
				67DF0CC822CB497400F55296 /* Sample App */,
				67DF0CDC22CB497500F55296 /* Sample AppTests */,
				67DF0CE722CB497500F55296 /* Sample AppUITests */,
			);
		};
/* End PBXProject section */

/* Begin PBXResourcesBuildPhase section */
		67DF0CC722CB497400F55296 /* Resources */ = {
			isa = PBXResourcesBuildPhase;
			buildActionMask = 2147483647;
			files = (
				67DF0CD722CB497500F55296 /* LaunchScreen.storyboard in Resources */,
				67DF0CD422CB497500F55296 /* Assets.xcassets in Resources */,
				67DF0CD222CB497400F55296 /* Main.storyboard in Resources */,
			);
			runOnlyForDeploymentPostprocessing = 0;
		};
		67DF0CDB22CB497500F55296 /* Resources */ = {
			isa = PBXResourcesBuildPhase;
			buildActionMask = 2147483647;
			files = (
			);
			runOnlyForDeploymentPostprocessing = 0;
		};
		67DF0CE622CB497500F55296 /* Resources */ = {
			isa = PBXResourcesBuildPhase;
			buildActionMask = 2147483647;
			files = (
			);
			runOnlyForDeploymentPostprocessing = 0;
		};
/* End PBXResourcesBuildPhase section */

/* Begin PBXSourcesBuildPhase section */
		67DF0CC522CB497400F55296 /* Sources */ = {
			isa = PBXSourcesBuildPhase;
			buildActionMask = 2147483647;
			files = (
				67667BD122CCD830002B1F0A /* TopicViewCell.swift in Sources */,
				67667BD522CCD8FB002B1F0A /* PostTableViewController.swift in Sources */,
				67DF0CCF22CB497400F55296 /* LoginViewController.swift in Sources */,
				67DF0CCD22CB497400F55296 /* AppDelegate.swift in Sources */,
				67667BDA22CCEC36002B1F0A /* EnumVote.swift in Sources */,
				67667BCF22CCD7E8002B1F0A /* TopicViewController.swift in Sources */,
				67667BD722CCEB82002B1F0A /* Post.swift in Sources */,
				67667BD322CCD8E7002B1F0A /* PostViewCell.swift in Sources */,
			);
			runOnlyForDeploymentPostprocessing = 0;
		};
		67DF0CD922CB497500F55296 /* Sources */ = {
			isa = PBXSourcesBuildPhase;
			buildActionMask = 2147483647;
			files = (
				67DF0CE222CB497500F55296 /* Sample_AppTests.swift in Sources */,
			);
			runOnlyForDeploymentPostprocessing = 0;
		};
		67DF0CE422CB497500F55296 /* Sources */ = {
			isa = PBXSourcesBuildPhase;
			buildActionMask = 2147483647;
			files = (
				67DF0CED22CB497500F55296 /* Sample_AppUITests.swift in Sources */,
			);
			runOnlyForDeploymentPostprocessing = 0;
		};
/* End PBXSourcesBuildPhase section */

/* Begin PBXTargetDependency section */
		67DF0CDF22CB497500F55296 /* PBXTargetDependency */ = {
			isa = PBXTargetDependency;
			target = 67DF0CC822CB497400F55296 /* Sample App */;
			targetProxy = 67DF0CDE22CB497500F55296 /* PBXContainerItemProxy */;
		};
		67DF0CEA22CB497500F55296 /* PBXTargetDependency */ = {
			isa = PBXTargetDependency;
			target = 67DF0CC822CB497400F55296 /* Sample App */;
			targetProxy = 67DF0CE922CB497500F55296 /* PBXContainerItemProxy */;
		};
/* End PBXTargetDependency section */

/* Begin PBXVariantGroup section */
		67DF0CD022CB497400F55296 /* Main.storyboard */ = {
			isa = PBXVariantGroup;
			children = (
				67DF0CD122CB497400F55296 /* Base */,
			);
			name = Main.storyboard;
			sourceTree = "<group>";
		};
		67DF0CD522CB497500F55296 /* LaunchScreen.storyboard */ = {
			isa = PBXVariantGroup;
			children = (
				67DF0CD622CB497500F55296 /* Base */,
			);
			name = LaunchScreen.storyboard;
			sourceTree = "<group>";
		};
/* End PBXVariantGroup section */

/* Begin XCBuildConfiguration section */
		67DF0CEF22CB497500F55296 /* Debug */ = {
			isa = XCBuildConfiguration;
			buildSettings = {
				ALWAYS_SEARCH_USER_PATHS = NO;
				CLANG_ANALYZER_NONNULL = YES;
				CLANG_ANALYZER_NUMBER_OBJECT_CONVERSION = YES_AGGRESSIVE;
				CLANG_CXX_LANGUAGE_STANDARD = "gnu++14";
				CLANG_CXX_LIBRARY = "libc++";
				CLANG_ENABLE_MODULES = YES;
				CLANG_ENABLE_OBJC_ARC = YES;
				CLANG_ENABLE_OBJC_WEAK = YES;
				CLANG_WARN_BLOCK_CAPTURE_AUTORELEASING = YES;
				CLANG_WARN_BOOL_CONVERSION = YES;
				CLANG_WARN_COMMA = YES;
				CLANG_WARN_CONSTANT_CONVERSION = YES;
				CLANG_WARN_DEPRECATED_OBJC_IMPLEMENTATIONS = YES;
				CLANG_WARN_DIRECT_OBJC_ISA_USAGE = YES_ERROR;
				CLANG_WARN_DOCUMENTATION_COMMENTS = YES;
				CLANG_WARN_EMPTY_BODY = YES;
				CLANG_WARN_ENUM_CONVERSION = YES;
				CLANG_WARN_INFINITE_RECURSION = YES;
				CLANG_WARN_INT_CONVERSION = YES;
				CLANG_WARN_NON_LITERAL_NULL_CONVERSION = YES;
				CLANG_WARN_OBJC_IMPLICIT_RETAIN_SELF = YES;
				CLANG_WARN_OBJC_LITERAL_CONVERSION = YES;
				CLANG_WARN_OBJC_ROOT_CLASS = YES_ERROR;
				CLANG_WARN_RANGE_LOOP_ANALYSIS = YES;
				CLANG_WARN_STRICT_PROTOTYPES = YES;
				CLANG_WARN_SUSPICIOUS_MOVE = YES;
				CLANG_WARN_UNGUARDED_AVAILABILITY = YES_AGGRESSIVE;
				CLANG_WARN_UNREACHABLE_CODE = YES;
				CLANG_WARN__DUPLICATE_METHOD_MATCH = YES;
				CODE_SIGN_IDENTITY = "iPhone Developer";
				COPY_PHASE_STRIP = NO;
				DEBUG_INFORMATION_FORMAT = dwarf;
				ENABLE_STRICT_OBJC_MSGSEND = YES;
				ENABLE_TESTABILITY = YES;
				GCC_C_LANGUAGE_STANDARD = gnu11;
				GCC_DYNAMIC_NO_PIC = NO;
				GCC_NO_COMMON_BLOCKS = YES;
				GCC_OPTIMIZATION_LEVEL = 0;
				GCC_PREPROCESSOR_DEFINITIONS = (
					"DEBUG=1",
					"$(inherited)",
				);
				GCC_WARN_64_TO_32_BIT_CONVERSION = YES;
				GCC_WARN_ABOUT_RETURN_TYPE = YES_ERROR;
				GCC_WARN_UNDECLARED_SELECTOR = YES;
				GCC_WARN_UNINITIALIZED_AUTOS = YES_AGGRESSIVE;
				GCC_WARN_UNUSED_FUNCTION = YES;
				GCC_WARN_UNUSED_VARIABLE = YES;
				IPHONEOS_DEPLOYMENT_TARGET = 12.2;
				MTL_ENABLE_DEBUG_INFO = INCLUDE_SOURCE;
				MTL_FAST_MATH = YES;
				ONLY_ACTIVE_ARCH = YES;
				SDKROOT = iphoneos;
				SWIFT_ACTIVE_COMPILATION_CONDITIONS = DEBUG;
				SWIFT_OPTIMIZATION_LEVEL = "-Onone";
			};
			name = Debug;
		};
		67DF0CF022CB497500F55296 /* Release */ = {
			isa = XCBuildConfiguration;
			buildSettings = {
				ALWAYS_SEARCH_USER_PATHS = NO;
				CLANG_ANALYZER_NONNULL = YES;
				CLANG_ANALYZER_NUMBER_OBJECT_CONVERSION = YES_AGGRESSIVE;
				CLANG_CXX_LANGUAGE_STANDARD = "gnu++14";
				CLANG_CXX_LIBRARY = "libc++";
				CLANG_ENABLE_MODULES = YES;
				CLANG_ENABLE_OBJC_ARC = YES;
				CLANG_ENABLE_OBJC_WEAK = YES;
				CLANG_WARN_BLOCK_CAPTURE_AUTORELEASING = YES;
				CLANG_WARN_BOOL_CONVERSION = YES;
				CLANG_WARN_COMMA = YES;
				CLANG_WARN_CONSTANT_CONVERSION = YES;
				CLANG_WARN_DEPRECATED_OBJC_IMPLEMENTATIONS = YES;
				CLANG_WARN_DIRECT_OBJC_ISA_USAGE = YES_ERROR;
				CLANG_WARN_DOCUMENTATION_COMMENTS = YES;
				CLANG_WARN_EMPTY_BODY = YES;
				CLANG_WARN_ENUM_CONVERSION = YES;
				CLANG_WARN_INFINITE_RECURSION = YES;
				CLANG_WARN_INT_CONVERSION = YES;
				CLANG_WARN_NON_LITERAL_NULL_CONVERSION = YES;
				CLANG_WARN_OBJC_IMPLICIT_RETAIN_SELF = YES;
				CLANG_WARN_OBJC_LITERAL_CONVERSION = YES;
				CLANG_WARN_OBJC_ROOT_CLASS = YES_ERROR;
				CLANG_WARN_RANGE_LOOP_ANALYSIS = YES;
				CLANG_WARN_STRICT_PROTOTYPES = YES;
				CLANG_WARN_SUSPICIOUS_MOVE = YES;
				CLANG_WARN_UNGUARDED_AVAILABILITY = YES_AGGRESSIVE;
				CLANG_WARN_UNREACHABLE_CODE = YES;
				CLANG_WARN__DUPLICATE_METHOD_MATCH = YES;
				CODE_SIGN_IDENTITY = "iPhone Developer";
				COPY_PHASE_STRIP = NO;
				DEBUG_INFORMATION_FORMAT = "dwarf-with-dsym";
				ENABLE_NS_ASSERTIONS = NO;
				ENABLE_STRICT_OBJC_MSGSEND = YES;
				GCC_C_LANGUAGE_STANDARD = gnu11;
				GCC_NO_COMMON_BLOCKS = YES;
				GCC_WARN_64_TO_32_BIT_CONVERSION = YES;
				GCC_WARN_ABOUT_RETURN_TYPE = YES_ERROR;
				GCC_WARN_UNDECLARED_SELECTOR = YES;
				GCC_WARN_UNINITIALIZED_AUTOS = YES_AGGRESSIVE;
				GCC_WARN_UNUSED_FUNCTION = YES;
				GCC_WARN_UNUSED_VARIABLE = YES;
				IPHONEOS_DEPLOYMENT_TARGET = 12.2;
				MTL_ENABLE_DEBUG_INFO = NO;
				MTL_FAST_MATH = YES;
				SDKROOT = iphoneos;
				SWIFT_COMPILATION_MODE = wholemodule;
				SWIFT_OPTIMIZATION_LEVEL = "-O";
				VALIDATE_PRODUCT = YES;
			};
			name = Release;
		};
		67DF0CF222CB497500F55296 /* Debug */ = {
			isa = XCBuildConfiguration;
			buildSettings = {
				ASSETCATALOG_COMPILER_APPICON_NAME = AppIcon;
				CODE_SIGN_ENTITLEMENTS = "Sample App/Sample App.entitlements";
				CODE_SIGN_STYLE = Automatic;
				DEVELOPMENT_TEAM = W3JF5VZKMR;
				INFOPLIST_FILE = "Sample App/Info.plist";
				IPHONEOS_DEPLOYMENT_TARGET = 12.0;
				LD_RUNPATH_SEARCH_PATHS = (
					"$(inherited)",
					"@executable_path/Frameworks",
				);
				PRODUCT_BUNDLE_IDENTIFIER = "it.unisa.sampleapp.Sample-App";
				PRODUCT_NAME = "$(TARGET_NAME)";
				SWIFT_VERSION = 5.0;
				TARGETED_DEVICE_FAMILY = "1,2";
			};
			name = Debug;
		};
		67DF0CF322CB497500F55296 /* Release */ = {
			isa = XCBuildConfiguration;
			buildSettings = {
				ASSETCATALOG_COMPILER_APPICON_NAME = AppIcon;
				CODE_SIGN_ENTITLEMENTS = "Sample App/Sample App.entitlements";
				CODE_SIGN_STYLE = Automatic;
				DEVELOPMENT_TEAM = W3JF5VZKMR;
				INFOPLIST_FILE = "Sample App/Info.plist";
				IPHONEOS_DEPLOYMENT_TARGET = 12.0;
				LD_RUNPATH_SEARCH_PATHS = (
					"$(inherited)",
					"@executable_path/Frameworks",
				);
				PRODUCT_BUNDLE_IDENTIFIER = "it.unisa.sampleapp.Sample-App";
				PRODUCT_NAME = "$(TARGET_NAME)";
				SWIFT_VERSION = 5.0;
				TARGETED_DEVICE_FAMILY = "1,2";
			};
			name = Release;
		};
		67DF0CF522CB497500F55296 /* Debug */ = {
			isa = XCBuildConfiguration;
			buildSettings = {
				ALWAYS_EMBED_SWIFT_STANDARD_LIBRARIES = YES;
				BUNDLE_LOADER = "$(TEST_HOST)";
				CODE_SIGN_STYLE = Automatic;
				DEVELOPMENT_TEAM = W3JF5VZKMR;
				INFOPLIST_FILE = "Sample AppTests/Info.plist";
				LD_RUNPATH_SEARCH_PATHS = (
					"$(inherited)",
					"@executable_path/Frameworks",
					"@loader_path/Frameworks",
				);
				PRODUCT_BUNDLE_IDENTIFIER = "it.unisa.sampleapp.Sample-AppTests";
				PRODUCT_NAME = "$(TARGET_NAME)";
				SWIFT_VERSION = 5.0;
				TARGETED_DEVICE_FAMILY = "1,2";
				TEST_HOST = "$(BUILT_PRODUCTS_DIR)/Sample App.app/Sample App";
			};
			name = Debug;
		};
		67DF0CF622CB497500F55296 /* Release */ = {
			isa = XCBuildConfiguration;
			buildSettings = {
				ALWAYS_EMBED_SWIFT_STANDARD_LIBRARIES = YES;
				BUNDLE_LOADER = "$(TEST_HOST)";
				CODE_SIGN_STYLE = Automatic;
				DEVELOPMENT_TEAM = W3JF5VZKMR;
				INFOPLIST_FILE = "Sample AppTests/Info.plist";
				LD_RUNPATH_SEARCH_PATHS = (
					"$(inherited)",
					"@executable_path/Frameworks",
					"@loader_path/Frameworks",
				);
				PRODUCT_BUNDLE_IDENTIFIER = "it.unisa.sampleapp.Sample-AppTests";
				PRODUCT_NAME = "$(TARGET_NAME)";
				SWIFT_VERSION = 5.0;
				TARGETED_DEVICE_FAMILY = "1,2";
				TEST_HOST = "$(BUILT_PRODUCTS_DIR)/Sample App.app/Sample App";
			};
			name = Release;
		};
		67DF0CF822CB497500F55296 /* Debug */ = {
			isa = XCBuildConfiguration;
			buildSettings = {
				ALWAYS_EMBED_SWIFT_STANDARD_LIBRARIES = YES;
				CODE_SIGN_STYLE = Automatic;
				DEVELOPMENT_TEAM = W3JF5VZKMR;
				INFOPLIST_FILE = "Sample AppUITests/Info.plist";
				LD_RUNPATH_SEARCH_PATHS = (
					"$(inherited)",
					"@executable_path/Frameworks",
					"@loader_path/Frameworks",
				);
				PRODUCT_BUNDLE_IDENTIFIER = "it.unisa.sampleapp.Sample-AppUITests";
				PRODUCT_NAME = "$(TARGET_NAME)";
				SWIFT_VERSION = 5.0;
				TARGETED_DEVICE_FAMILY = "1,2";
				TEST_TARGET_NAME = "Sample App";
			};
			name = Debug;
		};
		67DF0CF922CB497500F55296 /* Release */ = {
			isa = XCBuildConfiguration;
			buildSettings = {
				ALWAYS_EMBED_SWIFT_STANDARD_LIBRARIES = YES;
				CODE_SIGN_STYLE = Automatic;
				DEVELOPMENT_TEAM = W3JF5VZKMR;
				INFOPLIST_FILE = "Sample AppUITests/Info.plist";
				LD_RUNPATH_SEARCH_PATHS = (
					"$(inherited)",
					"@executable_path/Frameworks",
					"@loader_path/Frameworks",
				);
				PRODUCT_BUNDLE_IDENTIFIER = "it.unisa.sampleapp.Sample-AppUITests";
				PRODUCT_NAME = "$(TARGET_NAME)";
				SWIFT_VERSION = 5.0;
				TARGETED_DEVICE_FAMILY = "1,2";
				TEST_TARGET_NAME = "Sample App";
			};
			name = Release;
		};
/* End XCBuildConfiguration section */

/* Begin XCConfigurationList section */
		67DF0CC422CB497400F55296 /* Build configuration list for PBXProject "Sample App" */ = {
			isa = XCConfigurationList;
			buildConfigurations = (
				67DF0CEF22CB497500F55296 /* Debug */,
				67DF0CF022CB497500F55296 /* Release */,
			);
			defaultConfigurationIsVisible = 0;
			defaultConfigurationName = Release;
		};
		67DF0CF122CB497500F55296 /* Build configuration list for PBXNativeTarget "Sample App" */ = {
			isa = XCConfigurationList;
			buildConfigurations = (
				67DF0CF222CB497500F55296 /* Debug */,
				67DF0CF322CB497500F55296 /* Release */,
			);
			defaultConfigurationIsVisible = 0;
			defaultConfigurationName = Release;
		};
		67DF0CF422CB497500F55296 /* Build configuration list for PBXNativeTarget "Sample AppTests" */ = {
			isa = XCConfigurationList;
			buildConfigurations = (
				67DF0CF522CB497500F55296 /* Debug */,
				67DF0CF622CB497500F55296 /* Release */,
			);
			defaultConfigurationIsVisible = 0;
			defaultConfigurationName = Release;
		};
		67DF0CF722CB497500F55296 /* Build configuration list for PBXNativeTarget "Sample AppUITests" */ = {
			isa = XCConfigurationList;
			buildConfigurations = (
				67DF0CF822CB497500F55296 /* Debug */,
				67DF0CF922CB497500F55296 /* Release */,
			);
			defaultConfigurationIsVisible = 0;
			defaultConfigurationName = Release;
		};
/* End XCConfigurationList section */
	};
	rootObject = 67DF0CC122CB497400F55296 /* Project object */;
}
